// !$*UTF8*$!
{
	archiveVersion = 1;
	classes = {
	};
	objectVersion = 56;
	objects = {

/* Begin PBXBuildFile section */
		491F46592D65E17E00D3E631 /* AppDelegate.swift in Sources */ = {isa = PBXBuildFile; fileRef = 491F46582D65E17E00D3E631 /* AppDelegate.swift */; };
		491F465B2D65E17E00D3E631 /* SceneDelegate.swift in Sources */ = {isa = PBXBuildFile; fileRef = 491F465A2D65E17E00D3E631 /* SceneDelegate.swift */; };
		491F465D2D65E17E00D3E631 /* DownloadMapsViewController.swift in Sources */ = {isa = PBXBuildFile; fileRef = 491F465C2D65E17E00D3E631 /* DownloadMapsViewController.swift */; };
		491F46622D65E18100D3E631 /* Assets.xcassets in Resources */ = {isa = PBXBuildFile; fileRef = 491F46612D65E18100D3E631 /* Assets.xcassets */; };
		491F46652D65E18100D3E631 /* Base in Resources */ = {isa = PBXBuildFile; fileRef = 491F46642D65E18100D3E631 /* Base */; };
		491F46702D65E18200D3E631 /* MapsDownloaderUIIntegrationTests.swift in Sources */ = {isa = PBXBuildFile; fileRef = 491F466F2D65E18200D3E631 /* MapsDownloaderUIIntegrationTests.swift */; };
		491F468A2D65E69C00D3E631 /* regions.xml in Resources */ = {isa = PBXBuildFile; fileRef = 491F46892D65E69C00D3E631 /* regions.xml */; };
		491F46B62D65FC4400D3E631 /* CombineHelpers.swift in Sources */ = {isa = PBXBuildFile; fileRef = 491F46B52D65FC4400D3E631 /* CombineHelpers.swift */; };
		491F46BD2D65FD8F00D3E631 /* NetworkingService.framework in Frameworks */ = {isa = PBXBuildFile; fileRef = 491F46BC2D65FD8F00D3E631 /* NetworkingService.framework */; };
		491F46C02D6730F300D3E631 /* UIColor.swift in Sources */ = {isa = PBXBuildFile; fileRef = 491F46BF2D6730F200D3E631 /* UIColor.swift */; };
		491F46C22D67345400D3E631 /* XCTestCase+MemoryLeakTracking.swift in Sources */ = {isa = PBXBuildFile; fileRef = 491F46C12D67345400D3E631 /* XCTestCase+MemoryLeakTracking.swift */; };
		491F46C42D67351800D3E631 /* DownloadMapsViewController+TestHelpers.swift in Sources */ = {isa = PBXBuildFile; fileRef = 491F46C32D67351800D3E631 /* DownloadMapsViewController+TestHelpers.swift */; };
		493296882D6749E6003D8397 /* RegionLoader.swift in Sources */ = {isa = PBXBuildFile; fileRef = 493296872D6749E6003D8397 /* RegionLoader.swift */; };
		4932968A2D674CD6003D8397 /* MapsLoaderPresentationAdapter.swift in Sources */ = {isa = PBXBuildFile; fileRef = 493296892D674CD6003D8397 /* MapsLoaderPresentationAdapter.swift */; };
		4932968C2D67529C003D8397 /* MapsTableViewController.swift in Sources */ = {isa = PBXBuildFile; fileRef = 4932968B2D67529C003D8397 /* MapsTableViewController.swift */; };
		4932968F2D676220003D8397 /* UIView+TestHelpers.swift in Sources */ = {isa = PBXBuildFile; fileRef = 4932968E2D676220003D8397 /* UIView+TestHelpers.swift */; };
		493296912D67632F003D8397 /* MapTableViewCell.swift in Sources */ = {isa = PBXBuildFile; fileRef = 493296902D67632F003D8397 /* MapTableViewCell.swift */; };
		493296932D676CCF003D8397 /* CellController.swift in Sources */ = {isa = PBXBuildFile; fileRef = 493296922D676CCF003D8397 /* CellController.swift */; };
		493296A32D686C0D003D8397 /* DownloadMapsPresenter.swift in Sources */ = {isa = PBXBuildFile; fileRef = 493296A22D686C0D003D8397 /* DownloadMapsPresenter.swift */; };
		493296A52D686C50003D8397 /* DownloadMapsComposer.swift in Sources */ = {isa = PBXBuildFile; fileRef = 493296A42D686C50003D8397 /* DownloadMapsComposer.swift */; };
		493296A72D68A788003D8397 /* MainQueueDispatchDecorator.swift in Sources */ = {isa = PBXBuildFile; fileRef = 493296A62D68A788003D8397 /* MainQueueDispatchDecorator.swift */; };
		493296A92D68ACEA003D8397 /* MapCellController.swift in Sources */ = {isa = PBXBuildFile; fileRef = 493296A82D68ACEA003D8397 /* MapCellController.swift */; };
		493296AB2D68BAF5003D8397 /* LocalRegionLoader.swift in Sources */ = {isa = PBXBuildFile; fileRef = 493296AA2D68BAF5003D8397 /* LocalRegionLoader.swift */; };
		493296AD2D690677003D8397 /* MapsDetailTableViewController.swift in Sources */ = {isa = PBXBuildFile; fileRef = 493296AC2D690677003D8397 /* MapsDetailTableViewController.swift */; };
		493296AF2D6910D7003D8397 /* StorageTableViewCell.swift in Sources */ = {isa = PBXBuildFile; fileRef = 493296AE2D6910D7003D8397 /* StorageTableViewCell.swift */; };
		493296B12D69130B003D8397 /* StorageCellController.swift in Sources */ = {isa = PBXBuildFile; fileRef = 493296B02D69130B003D8397 /* StorageCellController.swift */; };
		497530942D6A869F00779BED /* MapLoader.swift in Sources */ = {isa = PBXBuildFile; fileRef = 497530932D6A869F00779BED /* MapLoader.swift */; };
		497530962D6A8AFD00779BED /* MapEndpointTests.swift in Sources */ = {isa = PBXBuildFile; fileRef = 497530952D6A8AFD00779BED /* MapEndpointTests.swift */; };
		49BCFA4A2D6DEAE800B97BC5 /* MapsErrorView.swift in Sources */ = {isa = PBXBuildFile; fileRef = 49BCFA492D6DEAE800B97BC5 /* MapsErrorView.swift */; };
		49BCFA4D2D6DEB3100B97BC5 /* MapsErrorViewModel.swift in Sources */ = {isa = PBXBuildFile; fileRef = 49BCFA4C2D6DEB3100B97BC5 /* MapsErrorViewModel.swift */; };
		49BCFA4F2D6DEB6800B97BC5 /* MapsLoadingView.swift in Sources */ = {isa = PBXBuildFile; fileRef = 49BCFA4E2D6DEB6800B97BC5 /* MapsLoadingView.swift */; };
		49BCFA512D6DEB7D00B97BC5 /* MapsLoadingViewModel.swift in Sources */ = {isa = PBXBuildFile; fileRef = 49BCFA502D6DEB7D00B97BC5 /* MapsLoadingViewModel.swift */; };
		49BCFA532D6DEB9300B97BC5 /* MapView.swift in Sources */ = {isa = PBXBuildFile; fileRef = 49BCFA522D6DEB9300B97BC5 /* MapView.swift */; };
		49BCFA552D6DEBBD00B97BC5 /* MapsViewModel.swift in Sources */ = {isa = PBXBuildFile; fileRef = 49BCFA542D6DEBBD00B97BC5 /* MapsViewModel.swift */; };
		49BCFA582D6DEBF000B97BC5 /* WeakRefVirtualProxy.swift in Sources */ = {isa = PBXBuildFile; fileRef = 49BCFA572D6DEBF000B97BC5 /* WeakRefVirtualProxy.swift */; };
		49BCFA5B2D6DED5B00B97BC5 /* DetailMapViewAdapter.swift in Sources */ = {isa = PBXBuildFile; fileRef = 49BCFA5A2D6DED5B00B97BC5 /* DetailMapViewAdapter.swift */; };
		49BCFA5D2D6DEDA100B97BC5 /* MapViewAdapter.swift in Sources */ = {isa = PBXBuildFile; fileRef = 49BCFA5C2D6DEDA100B97BC5 /* MapViewAdapter.swift */; };
		49BCFA602D6DEDF900B97BC5 /* UITableView+Extensions.swift in Sources */ = {isa = PBXBuildFile; fileRef = 49BCFA5F2D6DEDF900B97BC5 /* UITableView+Extensions.swift */; };
		49BCFA622D6DEE2300B97BC5 /* NSObject+Extensions.swift in Sources */ = {isa = PBXBuildFile; fileRef = 49BCFA612D6DEE2300B97BC5 /* NSObject+Extensions.swift */; };
		49BCFA642D6DEEE800B97BC5 /* UIView+AddSubviews.swift in Sources */ = {isa = PBXBuildFile; fileRef = 49BCFA632D6DEEE800B97BC5 /* UIView+AddSubviews.swift */; };
		49BCFA672D6DEFD300B97BC5 /* Map.swift in Sources */ = {isa = PBXBuildFile; fileRef = 49BCFA662D6DEFD300B97BC5 /* Map.swift */; };
		49BCFA692D6DF04B00B97BC5 /* RemoteMapLoader.swift in Sources */ = {isa = PBXBuildFile; fileRef = 49BCFA682D6DF04B00B97BC5 /* RemoteMapLoader.swift */; };
		49BCFA6B2D6DF06300B97BC5 /* MapEndpoint.swift in Sources */ = {isa = PBXBuildFile; fileRef = 49BCFA6A2D6DF06300B97BC5 /* MapEndpoint.swift */; };
/* End PBXBuildFile section */

/* Begin PBXContainerItemProxy section */
		491F466C2D65E18200D3E631 /* PBXContainerItemProxy */ = {
			isa = PBXContainerItemProxy;
			containerPortal = 491F464D2D65E17E00D3E631 /* Project object */;
			proxyType = 1;
			remoteGlobalIDString = 491F46542D65E17E00D3E631;
			remoteInfo = MapsDownloader;
		};
/* End PBXContainerItemProxy section */

/* Begin PBXFileReference section */
		491F46552D65E17E00D3E631 /* MapsDownloader.app */ = {isa = PBXFileReference; explicitFileType = wrapper.application; includeInIndex = 0; path = MapsDownloader.app; sourceTree = BUILT_PRODUCTS_DIR; };
		491F46582D65E17E00D3E631 /* AppDelegate.swift */ = {isa = PBXFileReference; lastKnownFileType = sourcecode.swift; path = AppDelegate.swift; sourceTree = "<group>"; };
		491F465A2D65E17E00D3E631 /* SceneDelegate.swift */ = {isa = PBXFileReference; lastKnownFileType = sourcecode.swift; path = SceneDelegate.swift; sourceTree = "<group>"; };
		491F465C2D65E17E00D3E631 /* DownloadMapsViewController.swift */ = {isa = PBXFileReference; lastKnownFileType = sourcecode.swift; path = DownloadMapsViewController.swift; sourceTree = "<group>"; };
		491F46612D65E18100D3E631 /* Assets.xcassets */ = {isa = PBXFileReference; lastKnownFileType = folder.assetcatalog; path = Assets.xcassets; sourceTree = "<group>"; };
		491F46642D65E18100D3E631 /* Base */ = {isa = PBXFileReference; lastKnownFileType = file.storyboard; name = Base; path = Base.lproj/LaunchScreen.storyboard; sourceTree = "<group>"; };
		491F46662D65E18100D3E631 /* Info.plist */ = {isa = PBXFileReference; lastKnownFileType = text.plist.xml; path = Info.plist; sourceTree = "<group>"; };
		491F466B2D65E18200D3E631 /* MapsDownloaderTests.xctest */ = {isa = PBXFileReference; explicitFileType = wrapper.cfbundle; includeInIndex = 0; path = MapsDownloaderTests.xctest; sourceTree = BUILT_PRODUCTS_DIR; };
		491F466F2D65E18200D3E631 /* MapsDownloaderUIIntegrationTests.swift */ = {isa = PBXFileReference; lastKnownFileType = sourcecode.swift; path = MapsDownloaderUIIntegrationTests.swift; sourceTree = "<group>"; };
		491F46892D65E69C00D3E631 /* regions.xml */ = {isa = PBXFileReference; fileEncoding = 4; lastKnownFileType = text.xml; name = regions.xml; path = ../../../../../../Downloads/regions.xml; sourceTree = "<group>"; };
		491F46B52D65FC4400D3E631 /* CombineHelpers.swift */ = {isa = PBXFileReference; lastKnownFileType = sourcecode.swift; path = CombineHelpers.swift; sourceTree = "<group>"; };
		491F46BC2D65FD8F00D3E631 /* NetworkingService.framework */ = {isa = PBXFileReference; explicitFileType = wrapper.framework; path = NetworkingService.framework; sourceTree = BUILT_PRODUCTS_DIR; };
		491F46BF2D6730F200D3E631 /* UIColor.swift */ = {isa = PBXFileReference; lastKnownFileType = sourcecode.swift; path = UIColor.swift; sourceTree = "<group>"; };
		491F46C12D67345400D3E631 /* XCTestCase+MemoryLeakTracking.swift */ = {isa = PBXFileReference; lastKnownFileType = sourcecode.swift; path = "XCTestCase+MemoryLeakTracking.swift"; sourceTree = "<group>"; };
		491F46C32D67351800D3E631 /* DownloadMapsViewController+TestHelpers.swift */ = {isa = PBXFileReference; lastKnownFileType = sourcecode.swift; path = "DownloadMapsViewController+TestHelpers.swift"; sourceTree = "<group>"; };
		493296872D6749E6003D8397 /* RegionLoader.swift */ = {isa = PBXFileReference; lastKnownFileType = sourcecode.swift; path = RegionLoader.swift; sourceTree = "<group>"; };
		493296892D674CD6003D8397 /* MapsLoaderPresentationAdapter.swift */ = {isa = PBXFileReference; lastKnownFileType = sourcecode.swift; path = MapsLoaderPresentationAdapter.swift; sourceTree = "<group>"; };
		4932968B2D67529C003D8397 /* MapsTableViewController.swift */ = {isa = PBXFileReference; lastKnownFileType = sourcecode.swift; path = MapsTableViewController.swift; sourceTree = "<group>"; };
		4932968E2D676220003D8397 /* UIView+TestHelpers.swift */ = {isa = PBXFileReference; lastKnownFileType = sourcecode.swift; path = "UIView+TestHelpers.swift"; sourceTree = "<group>"; };
		493296902D67632F003D8397 /* MapTableViewCell.swift */ = {isa = PBXFileReference; lastKnownFileType = sourcecode.swift; path = MapTableViewCell.swift; sourceTree = "<group>"; };
		493296922D676CCF003D8397 /* CellController.swift */ = {isa = PBXFileReference; lastKnownFileType = sourcecode.swift; path = CellController.swift; sourceTree = "<group>"; };
		493296A22D686C0D003D8397 /* DownloadMapsPresenter.swift */ = {isa = PBXFileReference; lastKnownFileType = sourcecode.swift; path = DownloadMapsPresenter.swift; sourceTree = "<group>"; };
		493296A42D686C50003D8397 /* DownloadMapsComposer.swift */ = {isa = PBXFileReference; lastKnownFileType = sourcecode.swift; path = DownloadMapsComposer.swift; sourceTree = "<group>"; };
		493296A62D68A788003D8397 /* MainQueueDispatchDecorator.swift */ = {isa = PBXFileReference; lastKnownFileType = sourcecode.swift; path = MainQueueDispatchDecorator.swift; sourceTree = "<group>"; };
		493296A82D68ACEA003D8397 /* MapCellController.swift */ = {isa = PBXFileReference; lastKnownFileType = sourcecode.swift; path = MapCellController.swift; sourceTree = "<group>"; };
		493296AA2D68BAF5003D8397 /* LocalRegionLoader.swift */ = {isa = PBXFileReference; lastKnownFileType = sourcecode.swift; path = LocalRegionLoader.swift; sourceTree = "<group>"; };
		493296AC2D690677003D8397 /* MapsDetailTableViewController.swift */ = {isa = PBXFileReference; lastKnownFileType = sourcecode.swift; path = MapsDetailTableViewController.swift; sourceTree = "<group>"; };
		493296AE2D6910D7003D8397 /* StorageTableViewCell.swift */ = {isa = PBXFileReference; lastKnownFileType = sourcecode.swift; path = StorageTableViewCell.swift; sourceTree = "<group>"; };
		493296B02D69130B003D8397 /* StorageCellController.swift */ = {isa = PBXFileReference; lastKnownFileType = sourcecode.swift; path = StorageCellController.swift; sourceTree = "<group>"; };
		497530932D6A869F00779BED /* MapLoader.swift */ = {isa = PBXFileReference; lastKnownFileType = sourcecode.swift; path = MapLoader.swift; sourceTree = "<group>"; };
		497530952D6A8AFD00779BED /* MapEndpointTests.swift */ = {isa = PBXFileReference; lastKnownFileType = sourcecode.swift; path = MapEndpointTests.swift; sourceTree = "<group>"; };
		49BCFA492D6DEAE800B97BC5 /* MapsErrorView.swift */ = {isa = PBXFileReference; lastKnownFileType = sourcecode.swift; path = MapsErrorView.swift; sourceTree = "<group>"; };
		49BCFA4C2D6DEB3100B97BC5 /* MapsErrorViewModel.swift */ = {isa = PBXFileReference; lastKnownFileType = sourcecode.swift; path = MapsErrorViewModel.swift; sourceTree = "<group>"; };
		49BCFA4E2D6DEB6800B97BC5 /* MapsLoadingView.swift */ = {isa = PBXFileReference; lastKnownFileType = sourcecode.swift; path = MapsLoadingView.swift; sourceTree = "<group>"; };
		49BCFA502D6DEB7D00B97BC5 /* MapsLoadingViewModel.swift */ = {isa = PBXFileReference; lastKnownFileType = sourcecode.swift; path = MapsLoadingViewModel.swift; sourceTree = "<group>"; };
		49BCFA522D6DEB9300B97BC5 /* MapView.swift */ = {isa = PBXFileReference; lastKnownFileType = sourcecode.swift; path = MapView.swift; sourceTree = "<group>"; };
		49BCFA542D6DEBBD00B97BC5 /* MapsViewModel.swift */ = {isa = PBXFileReference; lastKnownFileType = sourcecode.swift; path = MapsViewModel.swift; sourceTree = "<group>"; };
		49BCFA572D6DEBF000B97BC5 /* WeakRefVirtualProxy.swift */ = {isa = PBXFileReference; lastKnownFileType = sourcecode.swift; path = WeakRefVirtualProxy.swift; sourceTree = "<group>"; };
		49BCFA5A2D6DED5B00B97BC5 /* DetailMapViewAdapter.swift */ = {isa = PBXFileReference; lastKnownFileType = sourcecode.swift; path = DetailMapViewAdapter.swift; sourceTree = "<group>"; };
		49BCFA5C2D6DEDA100B97BC5 /* MapViewAdapter.swift */ = {isa = PBXFileReference; lastKnownFileType = sourcecode.swift; path = MapViewAdapter.swift; sourceTree = "<group>"; };
		49BCFA5F2D6DEDF900B97BC5 /* UITableView+Extensions.swift */ = {isa = PBXFileReference; lastKnownFileType = sourcecode.swift; path = "UITableView+Extensions.swift"; sourceTree = "<group>"; };
		49BCFA612D6DEE2300B97BC5 /* NSObject+Extensions.swift */ = {isa = PBXFileReference; lastKnownFileType = sourcecode.swift; path = "NSObject+Extensions.swift"; sourceTree = "<group>"; };
		49BCFA632D6DEEE800B97BC5 /* UIView+AddSubviews.swift */ = {isa = PBXFileReference; lastKnownFileType = sourcecode.swift; path = "UIView+AddSubviews.swift"; sourceTree = "<group>"; };
		49BCFA662D6DEFD300B97BC5 /* Map.swift */ = {isa = PBXFileReference; lastKnownFileType = sourcecode.swift; path = Map.swift; sourceTree = "<group>"; };
		49BCFA682D6DF04B00B97BC5 /* RemoteMapLoader.swift */ = {isa = PBXFileReference; lastKnownFileType = sourcecode.swift; path = RemoteMapLoader.swift; sourceTree = "<group>"; };
		49BCFA6A2D6DF06300B97BC5 /* MapEndpoint.swift */ = {isa = PBXFileReference; lastKnownFileType = sourcecode.swift; path = MapEndpoint.swift; sourceTree = "<group>"; };
/* End PBXFileReference section */

/* Begin PBXFrameworksBuildPhase section */
		491F46522D65E17E00D3E631 /* Frameworks */ = {
			isa = PBXFrameworksBuildPhase;
			buildActionMask = 2147483647;
			files = (
				491F46BD2D65FD8F00D3E631 /* NetworkingService.framework in Frameworks */,
			);
			runOnlyForDeploymentPostprocessing = 0;
		};
		491F46682D65E18200D3E631 /* Frameworks */ = {
			isa = PBXFrameworksBuildPhase;
			buildActionMask = 2147483647;
			files = (
			);
			runOnlyForDeploymentPostprocessing = 0;
		};
/* End PBXFrameworksBuildPhase section */

/* Begin PBXGroup section */
		491F464C2D65E17E00D3E631 = {
			isa = PBXGroup;
			children = (
				491F46572D65E17E00D3E631 /* MapsDownloader */,
				491F466E2D65E18200D3E631 /* MapsDownloaderTests */,
				491F46562D65E17E00D3E631 /* Products */,
				491F46B72D65FC8A00D3E631 /* Frameworks */,
			);
			sourceTree = "<group>";
		};
		491F46562D65E17E00D3E631 /* Products */ = {
			isa = PBXGroup;
			children = (
				491F46552D65E17E00D3E631 /* MapsDownloader.app */,
				491F466B2D65E18200D3E631 /* MapsDownloaderTests.xctest */,
			);
			name = Products;
			sourceTree = "<group>";
		};
		491F46572D65E17E00D3E631 /* MapsDownloader */ = {
			isa = PBXGroup;
			children = (
				491F46582D65E17E00D3E631 /* AppDelegate.swift */,
				491F465A2D65E17E00D3E631 /* SceneDelegate.swift */,
				49BCFA5E2D6DEDCD00B97BC5 /* Helpers */,
				49BCFA472D6DEACC00B97BC5 /* Maps */,
				491F46612D65E18100D3E631 /* Assets.xcassets */,
				491F46632D65E18100D3E631 /* LaunchScreen.storyboard */,
				491F46662D65E18100D3E631 /* Info.plist */,
				491F46882D65E68200D3E631 /* Resources */,
			);
			path = MapsDownloader;
			sourceTree = "<group>";
		};
		491F466E2D65E18200D3E631 /* MapsDownloaderTests */ = {
			isa = PBXGroup;
			children = (
				491F466F2D65E18200D3E631 /* MapsDownloaderUIIntegrationTests.swift */,
				491F46C12D67345400D3E631 /* XCTestCase+MemoryLeakTracking.swift */,
				491F46C32D67351800D3E631 /* DownloadMapsViewController+TestHelpers.swift */,
				497530952D6A8AFD00779BED /* MapEndpointTests.swift */,
				4932968D2D676215003D8397 /* Helpers */,
			);
			path = MapsDownloaderTests;
			sourceTree = "<group>";
		};
		491F46882D65E68200D3E631 /* Resources */ = {
			isa = PBXGroup;
			children = (
				491F46892D65E69C00D3E631 /* regions.xml */,
			);
			path = Resources;
			sourceTree = "<group>";
		};
		491F46B72D65FC8A00D3E631 /* Frameworks */ = {
			isa = PBXGroup;
			children = (
				491F46BC2D65FD8F00D3E631 /* NetworkingService.framework */,
			);
			name = Frameworks;
			sourceTree = "<group>";
		};
		4932968D2D676215003D8397 /* Helpers */ = {
			isa = PBXGroup;
			children = (
				4932968E2D676220003D8397 /* UIView+TestHelpers.swift */,
			);
			path = Helpers;
			sourceTree = "<group>";
		};
		49BCFA472D6DEACC00B97BC5 /* Maps */ = {
			isa = PBXGroup;
			children = (
				49BCFA652D6DEFAC00B97BC5 /* Feature */,
				49BCFA592D6DEC5A00B97BC5 /* Controllers */,
				49BCFA562D6DEBE000B97BC5 /* Composers */,
				49BCFA4B2D6DEB1000B97BC5 /* Presentation */,
				49BCFA482D6DEAD400B97BC5 /* Views */,
			);
			path = Maps;
			sourceTree = "<group>";
		};
		49BCFA482D6DEAD400B97BC5 /* Views */ = {
			isa = PBXGroup;
			children = (
				49BCFA492D6DEAE800B97BC5 /* MapsErrorView.swift */,
				49BCFA4E2D6DEB6800B97BC5 /* MapsLoadingView.swift */,
				49BCFA522D6DEB9300B97BC5 /* MapView.swift */,
				493296902D67632F003D8397 /* MapTableViewCell.swift */,
				493296AE2D6910D7003D8397 /* StorageTableViewCell.swift */,
			);
			path = Views;
			sourceTree = "<group>";
		};
		49BCFA4B2D6DEB1000B97BC5 /* Presentation */ = {
			isa = PBXGroup;
			children = (
				49BCFA4C2D6DEB3100B97BC5 /* MapsErrorViewModel.swift */,
				49BCFA502D6DEB7D00B97BC5 /* MapsLoadingViewModel.swift */,
				49BCFA542D6DEBBD00B97BC5 /* MapsViewModel.swift */,
				493296A22D686C0D003D8397 /* DownloadMapsPresenter.swift */,
			);
			path = Presentation;
			sourceTree = "<group>";
		};
		49BCFA562D6DEBE000B97BC5 /* Composers */ = {
			isa = PBXGroup;
			children = (
				49BCFA572D6DEBF000B97BC5 /* WeakRefVirtualProxy.swift */,
				49BCFA5A2D6DED5B00B97BC5 /* DetailMapViewAdapter.swift */,
				49BCFA5C2D6DEDA100B97BC5 /* MapViewAdapter.swift */,
				493296892D674CD6003D8397 /* MapsLoaderPresentationAdapter.swift */,
				493296A42D686C50003D8397 /* DownloadMapsComposer.swift */,
				493296A62D68A788003D8397 /* MainQueueDispatchDecorator.swift */,
			);
			path = Composers;
			sourceTree = "<group>";
		};
		49BCFA592D6DEC5A00B97BC5 /* Controllers */ = {
			isa = PBXGroup;
			children = (
				493296922D676CCF003D8397 /* CellController.swift */,
				493296A82D68ACEA003D8397 /* MapCellController.swift */,
				493296B02D69130B003D8397 /* StorageCellController.swift */,
				491F465C2D65E17E00D3E631 /* DownloadMapsViewController.swift */,
				493296AC2D690677003D8397 /* MapsDetailTableViewController.swift */,
				4932968B2D67529C003D8397 /* MapsTableViewController.swift */,
			);
			path = Controllers;
			sourceTree = "<group>";
		};
		49BCFA5E2D6DEDCD00B97BC5 /* Helpers */ = {
			isa = PBXGroup;
			children = (
				49BCFA5F2D6DEDF900B97BC5 /* UITableView+Extensions.swift */,
				49BCFA612D6DEE2300B97BC5 /* NSObject+Extensions.swift */,
				49BCFA632D6DEEE800B97BC5 /* UIView+AddSubviews.swift */,
				491F46BF2D6730F200D3E631 /* UIColor.swift */,
				491F46B52D65FC4400D3E631 /* CombineHelpers.swift */,
			);
			path = Helpers;
			sourceTree = "<group>";
		};
		49BCFA652D6DEFAC00B97BC5 /* Feature */ = {
			isa = PBXGroup;
			children = (
				49BCFA662D6DEFD300B97BC5 /* Map.swift */,
				493296872D6749E6003D8397 /* RegionLoader.swift */,
				497530932D6A869F00779BED /* MapLoader.swift */,
				49BCFA6A2D6DF06300B97BC5 /* MapEndpoint.swift */,
				49BCFA682D6DF04B00B97BC5 /* RemoteMapLoader.swift */,
				493296AA2D68BAF5003D8397 /* LocalRegionLoader.swift */,
			);
			path = Feature;
			sourceTree = "<group>";
		};
/* End PBXGroup section */

/* Begin PBXNativeTarget section */
		491F46542D65E17E00D3E631 /* MapsDownloader */ = {
			isa = PBXNativeTarget;
			buildConfigurationList = 491F467F2D65E18200D3E631 /* Build configuration list for PBXNativeTarget "MapsDownloader" */;
			buildPhases = (
				491F46512D65E17E00D3E631 /* Sources */,
				491F46522D65E17E00D3E631 /* Frameworks */,
				491F46532D65E17E00D3E631 /* Resources */,
			);
			buildRules = (
			);
			dependencies = (
			);
			name = MapsDownloader;
			productName = MapsDownloader;
			productReference = 491F46552D65E17E00D3E631 /* MapsDownloader.app */;
			productType = "com.apple.product-type.application";
		};
		491F466A2D65E18200D3E631 /* MapsDownloaderTests */ = {
			isa = PBXNativeTarget;
			buildConfigurationList = 491F46822D65E18200D3E631 /* Build configuration list for PBXNativeTarget "MapsDownloaderTests" */;
			buildPhases = (
				491F46672D65E18200D3E631 /* Sources */,
				491F46682D65E18200D3E631 /* Frameworks */,
				491F46692D65E18200D3E631 /* Resources */,
			);
			buildRules = (
			);
			dependencies = (
				491F466D2D65E18200D3E631 /* PBXTargetDependency */,
			);
			name = MapsDownloaderTests;
			productName = MapsDownloaderTests;
			productReference = 491F466B2D65E18200D3E631 /* MapsDownloaderTests.xctest */;
			productType = "com.apple.product-type.bundle.unit-test";
		};
/* End PBXNativeTarget section */

/* Begin PBXProject section */
		491F464D2D65E17E00D3E631 /* Project object */ = {
			isa = PBXProject;
			attributes = {
				BuildIndependentTargetsInParallel = 1;
				LastSwiftUpdateCheck = 1530;
				LastUpgradeCheck = 1530;
				TargetAttributes = {
					491F46542D65E17E00D3E631 = {
						CreatedOnToolsVersion = 15.3;
					};
					491F466A2D65E18200D3E631 = {
						CreatedOnToolsVersion = 15.3;
						TestTargetID = 491F46542D65E17E00D3E631;
					};
				};
			};
			buildConfigurationList = 491F46502D65E17E00D3E631 /* Build configuration list for PBXProject "MapsDownloader" */;
			compatibilityVersion = "Xcode 14.0";
			developmentRegion = en;
			hasScannedForEncodings = 0;
			knownRegions = (
				en,
				Base,
			);
			mainGroup = 491F464C2D65E17E00D3E631;
			productRefGroup = 491F46562D65E17E00D3E631 /* Products */;
			projectDirPath = "";
			projectRoot = "";
			targets = (
				491F46542D65E17E00D3E631 /* MapsDownloader */,
				491F466A2D65E18200D3E631 /* MapsDownloaderTests */,
			);
		};
/* End PBXProject section */

/* Begin PBXResourcesBuildPhase section */
		491F46532D65E17E00D3E631 /* Resources */ = {
			isa = PBXResourcesBuildPhase;
			buildActionMask = 2147483647;
			files = (
				491F46622D65E18100D3E631 /* Assets.xcassets in Resources */,
				491F468A2D65E69C00D3E631 /* regions.xml in Resources */,
				491F46652D65E18100D3E631 /* Base in Resources */,
			);
			runOnlyForDeploymentPostprocessing = 0;
		};
		491F46692D65E18200D3E631 /* Resources */ = {
			isa = PBXResourcesBuildPhase;
			buildActionMask = 2147483647;
			files = (
			);
			runOnlyForDeploymentPostprocessing = 0;
		};
/* End PBXResourcesBuildPhase section */

/* Begin PBXSourcesBuildPhase section */
		491F46512D65E17E00D3E631 /* Sources */ = {
			isa = PBXSourcesBuildPhase;
			buildActionMask = 2147483647;
			files = (
				4932968C2D67529C003D8397 /* MapsTableViewController.swift in Sources */,
				49BCFA4A2D6DEAE800B97BC5 /* MapsErrorView.swift in Sources */,
				49BCFA672D6DEFD300B97BC5 /* Map.swift in Sources */,
				493296AD2D690677003D8397 /* MapsDetailTableViewController.swift in Sources */,
				49BCFA5D2D6DEDA100B97BC5 /* MapViewAdapter.swift in Sources */,
				493296AB2D68BAF5003D8397 /* LocalRegionLoader.swift in Sources */,
				49BCFA622D6DEE2300B97BC5 /* NSObject+Extensions.swift in Sources */,
				491F465D2D65E17E00D3E631 /* DownloadMapsViewController.swift in Sources */,
				493296A52D686C50003D8397 /* DownloadMapsComposer.swift in Sources */,
				49BCFA5B2D6DED5B00B97BC5 /* DetailMapViewAdapter.swift in Sources */,
				49BCFA4D2D6DEB3100B97BC5 /* MapsErrorViewModel.swift in Sources */,
				49BCFA6B2D6DF06300B97BC5 /* MapEndpoint.swift in Sources */,
				49BCFA582D6DEBF000B97BC5 /* WeakRefVirtualProxy.swift in Sources */,
				493296912D67632F003D8397 /* MapTableViewCell.swift in Sources */,
				491F46592D65E17E00D3E631 /* AppDelegate.swift in Sources */,
				493296A72D68A788003D8397 /* MainQueueDispatchDecorator.swift in Sources */,
				493296A92D68ACEA003D8397 /* MapCellController.swift in Sources */,
				49BCFA642D6DEEE800B97BC5 /* UIView+AddSubviews.swift in Sources */,
				491F465B2D65E17E00D3E631 /* SceneDelegate.swift in Sources */,
				49BCFA602D6DEDF900B97BC5 /* UITableView+Extensions.swift in Sources */,
				49BCFA532D6DEB9300B97BC5 /* MapView.swift in Sources */,
				49BCFA552D6DEBBD00B97BC5 /* MapsViewModel.swift in Sources */,
				49BCFA4F2D6DEB6800B97BC5 /* MapsLoadingView.swift in Sources */,
				491F46B62D65FC4400D3E631 /* CombineHelpers.swift in Sources */,
				493296AF2D6910D7003D8397 /* StorageTableViewCell.swift in Sources */,
				49BCFA512D6DEB7D00B97BC5 /* MapsLoadingViewModel.swift in Sources */,
				493296A32D686C0D003D8397 /* DownloadMapsPresenter.swift in Sources */,
				491F46C02D6730F300D3E631 /* UIColor.swift in Sources */,
				493296882D6749E6003D8397 /* RegionLoader.swift in Sources */,
				4932968A2D674CD6003D8397 /* MapsLoaderPresentationAdapter.swift in Sources */,
				493296932D676CCF003D8397 /* CellController.swift in Sources */,
				49BCFA692D6DF04B00B97BC5 /* RemoteMapLoader.swift in Sources */,
				493296B12D69130B003D8397 /* StorageCellController.swift in Sources */,
				497530942D6A869F00779BED /* MapLoader.swift in Sources */,
			);
			runOnlyForDeploymentPostprocessing = 0;
		};
		491F46672D65E18200D3E631 /* Sources */ = {
			isa = PBXSourcesBuildPhase;
			buildActionMask = 2147483647;
			files = (
				491F46702D65E18200D3E631 /* MapsDownloaderUIIntegrationTests.swift in Sources */,
				4932968F2D676220003D8397 /* UIView+TestHelpers.swift in Sources */,
				491F46C42D67351800D3E631 /* DownloadMapsViewController+TestHelpers.swift in Sources */,
				491F46C22D67345400D3E631 /* XCTestCase+MemoryLeakTracking.swift in Sources */,
				497530962D6A8AFD00779BED /* MapEndpointTests.swift in Sources */,
			);
			runOnlyForDeploymentPostprocessing = 0;
		};
/* End PBXSourcesBuildPhase section */

/* Begin PBXTargetDependency section */
		491F466D2D65E18200D3E631 /* PBXTargetDependency */ = {
			isa = PBXTargetDependency;
			target = 491F46542D65E17E00D3E631 /* MapsDownloader */;
			targetProxy = 491F466C2D65E18200D3E631 /* PBXContainerItemProxy */;
		};
/* End PBXTargetDependency section */

/* Begin PBXVariantGroup section */
		491F46632D65E18100D3E631 /* LaunchScreen.storyboard */ = {
			isa = PBXVariantGroup;
			children = (
				491F46642D65E18100D3E631 /* Base */,
			);
			name = LaunchScreen.storyboard;
			sourceTree = "<group>";
		};
/* End PBXVariantGroup section */

/* Begin XCBuildConfiguration section */
		491F467D2D65E18200D3E631 /* Debug */ = {
			isa = XCBuildConfiguration;
			buildSettings = {
				ALWAYS_SEARCH_USER_PATHS = NO;
				ASSETCATALOG_COMPILER_GENERATE_SWIFT_ASSET_SYMBOL_EXTENSIONS = YES;
				CLANG_ANALYZER_NONNULL = YES;
				CLANG_ANALYZER_NUMBER_OBJECT_CONVERSION = YES_AGGRESSIVE;
				CLANG_CXX_LANGUAGE_STANDARD = "gnu++20";
				CLANG_ENABLE_MODULES = YES;
				CLANG_ENABLE_OBJC_ARC = YES;
				CLANG_ENABLE_OBJC_WEAK = YES;
				CLANG_WARN_BLOCK_CAPTURE_AUTORELEASING = YES;
				CLANG_WARN_BOOL_CONVERSION = YES;
				CLANG_WARN_COMMA = YES;
				CLANG_WARN_CONSTANT_CONVERSION = YES;
				CLANG_WARN_DEPRECATED_OBJC_IMPLEMENTATIONS = YES;
				CLANG_WARN_DIRECT_OBJC_ISA_USAGE = YES_ERROR;
				CLANG_WARN_DOCUMENTATION_COMMENTS = YES;
				CLANG_WARN_EMPTY_BODY = YES;
				CLANG_WARN_ENUM_CONVERSION = YES;
				CLANG_WARN_INFINITE_RECURSION = YES;
				CLANG_WARN_INT_CONVERSION = YES;
				CLANG_WARN_NON_LITERAL_NULL_CONVERSION = YES;
				CLANG_WARN_OBJC_IMPLICIT_RETAIN_SELF = YES;
				CLANG_WARN_OBJC_LITERAL_CONVERSION = YES;
				CLANG_WARN_OBJC_ROOT_CLASS = YES_ERROR;
				CLANG_WARN_QUOTED_INCLUDE_IN_FRAMEWORK_HEADER = YES;
				CLANG_WARN_RANGE_LOOP_ANALYSIS = YES;
				CLANG_WARN_STRICT_PROTOTYPES = YES;
				CLANG_WARN_SUSPICIOUS_MOVE = YES;
				CLANG_WARN_UNGUARDED_AVAILABILITY = YES_AGGRESSIVE;
				CLANG_WARN_UNREACHABLE_CODE = YES;
				CLANG_WARN__DUPLICATE_METHOD_MATCH = YES;
				COPY_PHASE_STRIP = NO;
				DEBUG_INFORMATION_FORMAT = dwarf;
				ENABLE_STRICT_OBJC_MSGSEND = YES;
				ENABLE_TESTABILITY = YES;
				ENABLE_USER_SCRIPT_SANDBOXING = YES;
				GCC_C_LANGUAGE_STANDARD = gnu17;
				GCC_DYNAMIC_NO_PIC = NO;
				GCC_NO_COMMON_BLOCKS = YES;
				GCC_OPTIMIZATION_LEVEL = 0;
				GCC_PREPROCESSOR_DEFINITIONS = (
					"DEBUG=1",
					"$(inherited)",
				);
				GCC_WARN_64_TO_32_BIT_CONVERSION = YES;
				GCC_WARN_ABOUT_RETURN_TYPE = YES_ERROR;
				GCC_WARN_UNDECLARED_SELECTOR = YES;
				GCC_WARN_UNINITIALIZED_AUTOS = YES_AGGRESSIVE;
				GCC_WARN_UNUSED_FUNCTION = YES;
				GCC_WARN_UNUSED_VARIABLE = YES;
				IPHONEOS_DEPLOYMENT_TARGET = 17.4;
				LOCALIZATION_PREFERS_STRING_CATALOGS = YES;
				MTL_ENABLE_DEBUG_INFO = INCLUDE_SOURCE;
				MTL_FAST_MATH = YES;
				ONLY_ACTIVE_ARCH = YES;
				SDKROOT = iphoneos;
				SWIFT_ACTIVE_COMPILATION_CONDITIONS = "DEBUG $(inherited)";
				SWIFT_OPTIMIZATION_LEVEL = "-Onone";
			};
			name = Debug;
		};
		491F467E2D65E18200D3E631 /* Release */ = {
			isa = XCBuildConfiguration;
			buildSettings = {
				ALWAYS_SEARCH_USER_PATHS = NO;
				ASSETCATALOG_COMPILER_GENERATE_SWIFT_ASSET_SYMBOL_EXTENSIONS = YES;
				CLANG_ANALYZER_NONNULL = YES;
				CLANG_ANALYZER_NUMBER_OBJECT_CONVERSION = YES_AGGRESSIVE;
				CLANG_CXX_LANGUAGE_STANDARD = "gnu++20";
				CLANG_ENABLE_MODULES = YES;
				CLANG_ENABLE_OBJC_ARC = YES;
				CLANG_ENABLE_OBJC_WEAK = YES;
				CLANG_WARN_BLOCK_CAPTURE_AUTORELEASING = YES;
				CLANG_WARN_BOOL_CONVERSION = YES;
				CLANG_WARN_COMMA = YES;
				CLANG_WARN_CONSTANT_CONVERSION = YES;
				CLANG_WARN_DEPRECATED_OBJC_IMPLEMENTATIONS = YES;
				CLANG_WARN_DIRECT_OBJC_ISA_USAGE = YES_ERROR;
				CLANG_WARN_DOCUMENTATION_COMMENTS = YES;
				CLANG_WARN_EMPTY_BODY = YES;
				CLANG_WARN_ENUM_CONVERSION = YES;
				CLANG_WARN_INFINITE_RECURSION = YES;
				CLANG_WARN_INT_CONVERSION = YES;
				CLANG_WARN_NON_LITERAL_NULL_CONVERSION = YES;
				CLANG_WARN_OBJC_IMPLICIT_RETAIN_SELF = YES;
				CLANG_WARN_OBJC_LITERAL_CONVERSION = YES;
				CLANG_WARN_OBJC_ROOT_CLASS = YES_ERROR;
				CLANG_WARN_QUOTED_INCLUDE_IN_FRAMEWORK_HEADER = YES;
				CLANG_WARN_RANGE_LOOP_ANALYSIS = YES;
				CLANG_WARN_STRICT_PROTOTYPES = YES;
				CLANG_WARN_SUSPICIOUS_MOVE = YES;
				CLANG_WARN_UNGUARDED_AVAILABILITY = YES_AGGRESSIVE;
				CLANG_WARN_UNREACHABLE_CODE = YES;
				CLANG_WARN__DUPLICATE_METHOD_MATCH = YES;
				COPY_PHASE_STRIP = NO;
				DEBUG_INFORMATION_FORMAT = "dwarf-with-dsym";
				ENABLE_NS_ASSERTIONS = NO;
				ENABLE_STRICT_OBJC_MSGSEND = YES;
				ENABLE_USER_SCRIPT_SANDBOXING = YES;
				GCC_C_LANGUAGE_STANDARD = gnu17;
				GCC_NO_COMMON_BLOCKS = YES;
				GCC_WARN_64_TO_32_BIT_CONVERSION = YES;
				GCC_WARN_ABOUT_RETURN_TYPE = YES_ERROR;
				GCC_WARN_UNDECLARED_SELECTOR = YES;
				GCC_WARN_UNINITIALIZED_AUTOS = YES_AGGRESSIVE;
				GCC_WARN_UNUSED_FUNCTION = YES;
				GCC_WARN_UNUSED_VARIABLE = YES;
				IPHONEOS_DEPLOYMENT_TARGET = 17.4;
				LOCALIZATION_PREFERS_STRING_CATALOGS = YES;
				MTL_ENABLE_DEBUG_INFO = NO;
				MTL_FAST_MATH = YES;
				SDKROOT = iphoneos;
				SWIFT_COMPILATION_MODE = wholemodule;
				VALIDATE_PRODUCT = YES;
			};
			name = Release;
		};
		491F46802D65E18200D3E631 /* Debug */ = {
			isa = XCBuildConfiguration;
			buildSettings = {
				ASSETCATALOG_COMPILER_APPICON_NAME = AppIcon;
				ASSETCATALOG_COMPILER_GLOBAL_ACCENT_COLOR_NAME = AccentColor;
				CODE_SIGN_STYLE = Automatic;
				CURRENT_PROJECT_VERSION = 1;
				DEVELOPMENT_TEAM = 49W3F5WXE6;
				GENERATE_INFOPLIST_FILE = YES;
				INFOPLIST_FILE = MapsDownloader/Info.plist;
				INFOPLIST_KEY_UIApplicationSupportsIndirectInputEvents = YES;
				INFOPLIST_KEY_UILaunchStoryboardName = LaunchScreen;
				INFOPLIST_KEY_UISupportedInterfaceOrientations = UIInterfaceOrientationPortrait;
				INFOPLIST_KEY_UISupportedInterfaceOrientations_iPad = "UIInterfaceOrientationLandscapeLeft UIInterfaceOrientationLandscapeRight UIInterfaceOrientationPortrait UIInterfaceOrientationPortraitUpsideDown";
				LD_RUNPATH_SEARCH_PATHS = (
					"$(inherited)",
					"@executable_path/Frameworks",
				);
				MARKETING_VERSION = 1.0;
				PRODUCT_BUNDLE_IDENTIFIER = "oleksii.lytvynov-bohdanov.MapsDownloader";
				PRODUCT_NAME = "$(TARGET_NAME)";
				SUPPORTED_PLATFORMS = "iphoneos iphonesimulator";
				SUPPORTS_MACCATALYST = NO;
				SUPPORTS_MAC_DESIGNED_FOR_IPHONE_IPAD = NO;
				SUPPORTS_XR_DESIGNED_FOR_IPHONE_IPAD = NO;
				SWIFT_EMIT_LOC_STRINGS = YES;
				SWIFT_VERSION = 5.0;
				TARGETED_DEVICE_FAMILY = 1;
			};
			name = Debug;
		};
		491F46812D65E18200D3E631 /* Release */ = {
			isa = XCBuildConfiguration;
			buildSettings = {
				ASSETCATALOG_COMPILER_APPICON_NAME = AppIcon;
				ASSETCATALOG_COMPILER_GLOBAL_ACCENT_COLOR_NAME = AccentColor;
				CODE_SIGN_STYLE = Automatic;
				CURRENT_PROJECT_VERSION = 1;
				DEVELOPMENT_TEAM = 49W3F5WXE6;
				GENERATE_INFOPLIST_FILE = YES;
				INFOPLIST_FILE = MapsDownloader/Info.plist;
				INFOPLIST_KEY_UIApplicationSupportsIndirectInputEvents = YES;
				INFOPLIST_KEY_UILaunchStoryboardName = LaunchScreen;
				INFOPLIST_KEY_UISupportedInterfaceOrientations = UIInterfaceOrientationPortrait;
				INFOPLIST_KEY_UISupportedInterfaceOrientations_iPad = "UIInterfaceOrientationLandscapeLeft UIInterfaceOrientationLandscapeRight UIInterfaceOrientationPortrait UIInterfaceOrientationPortraitUpsideDown";
				LD_RUNPATH_SEARCH_PATHS = (
					"$(inherited)",
					"@executable_path/Frameworks",
				);
				MARKETING_VERSION = 1.0;
				PRODUCT_BUNDLE_IDENTIFIER = "oleksii.lytvynov-bohdanov.MapsDownloader";
				PRODUCT_NAME = "$(TARGET_NAME)";
				SUPPORTED_PLATFORMS = "iphoneos iphonesimulator";
				SUPPORTS_MACCATALYST = NO;
				SUPPORTS_MAC_DESIGNED_FOR_IPHONE_IPAD = NO;
				SUPPORTS_XR_DESIGNED_FOR_IPHONE_IPAD = NO;
				SWIFT_EMIT_LOC_STRINGS = YES;
				SWIFT_VERSION = 5.0;
				TARGETED_DEVICE_FAMILY = 1;
			};
			name = Release;
		};
		491F46832D65E18200D3E631 /* Debug */ = {
			isa = XCBuildConfiguration;
			buildSettings = {
				ALWAYS_EMBED_SWIFT_STANDARD_LIBRARIES = YES;
				BUNDLE_LOADER = "$(TEST_HOST)";
				CODE_SIGN_STYLE = Automatic;
				CURRENT_PROJECT_VERSION = 1;
				DEVELOPMENT_TEAM = 49W3F5WXE6;
				GENERATE_INFOPLIST_FILE = YES;
				IPHONEOS_DEPLOYMENT_TARGET = 17.4;
				MARKETING_VERSION = 1.0;
				PRODUCT_BUNDLE_IDENTIFIER = "oleksii.lytvynov-bohdanov.MapsDownloaderTests";
				PRODUCT_NAME = "$(TARGET_NAME)";
				SUPPORTED_PLATFORMS = "iphoneos iphonesimulator";
				SUPPORTS_MACCATALYST = NO;
				SUPPORTS_MAC_DESIGNED_FOR_IPHONE_IPAD = NO;
				SUPPORTS_XR_DESIGNED_FOR_IPHONE_IPAD = NO;
				SWIFT_EMIT_LOC_STRINGS = NO;
				SWIFT_VERSION = 5.0;
				TARGETED_DEVICE_FAMILY = 1;
				TEST_HOST = "$(BUILT_PRODUCTS_DIR)/MapsDownloader.app/$(BUNDLE_EXECUTABLE_FOLDER_PATH)/MapsDownloader";
			};
			name = Debug;
		};
		491F46842D65E18200D3E631 /* Release */ = {
			isa = XCBuildConfiguration;
			buildSettings = {
				ALWAYS_EMBED_SWIFT_STANDARD_LIBRARIES = YES;
				BUNDLE_LOADER = "$(TEST_HOST)";
				CODE_SIGN_STYLE = Automatic;
				CURRENT_PROJECT_VERSION = 1;
				DEVELOPMENT_TEAM = 49W3F5WXE6;
				GENERATE_INFOPLIST_FILE = YES;
				IPHONEOS_DEPLOYMENT_TARGET = 17.4;
				MARKETING_VERSION = 1.0;
				PRODUCT_BUNDLE_IDENTIFIER = "oleksii.lytvynov-bohdanov.MapsDownloaderTests";
				PRODUCT_NAME = "$(TARGET_NAME)";
				SUPPORTED_PLATFORMS = "iphoneos iphonesimulator";
				SUPPORTS_MACCATALYST = NO;
				SUPPORTS_MAC_DESIGNED_FOR_IPHONE_IPAD = NO;
				SUPPORTS_XR_DESIGNED_FOR_IPHONE_IPAD = NO;
				SWIFT_EMIT_LOC_STRINGS = NO;
				SWIFT_VERSION = 5.0;
				TARGETED_DEVICE_FAMILY = 1;
				TEST_HOST = "$(BUILT_PRODUCTS_DIR)/MapsDownloader.app/$(BUNDLE_EXECUTABLE_FOLDER_PATH)/MapsDownloader";
			};
			name = Release;
		};
/* End XCBuildConfiguration section */

/* Begin XCConfigurationList section */
		491F46502D65E17E00D3E631 /* Build configuration list for PBXProject "MapsDownloader" */ = {
			isa = XCConfigurationList;
			buildConfigurations = (
				491F467D2D65E18200D3E631 /* Debug */,
				491F467E2D65E18200D3E631 /* Release */,
			);
			defaultConfigurationIsVisible = 0;
			defaultConfigurationName = Release;
		};
		491F467F2D65E18200D3E631 /* Build configuration list for PBXNativeTarget "MapsDownloader" */ = {
			isa = XCConfigurationList;
			buildConfigurations = (
				491F46802D65E18200D3E631 /* Debug */,
				491F46812D65E18200D3E631 /* Release */,
			);
			defaultConfigurationIsVisible = 0;
			defaultConfigurationName = Release;
		};
		491F46822D65E18200D3E631 /* Build configuration list for PBXNativeTarget "MapsDownloaderTests" */ = {
			isa = XCConfigurationList;
			buildConfigurations = (
				491F46832D65E18200D3E631 /* Debug */,
				491F46842D65E18200D3E631 /* Release */,
			);
			defaultConfigurationIsVisible = 0;
			defaultConfigurationName = Release;
		};
/* End XCConfigurationList section */
	};
	rootObject = 491F464D2D65E17E00D3E631 /* Project object */;
}
